// !$*UTF8*$!
{
	archiveVersion = 1;
	classes = {
	};
	objectVersion = 46;
	objects = {

/* Begin PBXBuildFile section */
		962558FC1B39AF1A005E4360 /* AppDelegate.swift in Sources */ = {isa = PBXBuildFile; fileRef = 962558FB1B39AF1A005E4360 /* AppDelegate.swift */; };
		962559031B39AF1A005E4360 /* Images.xcassets in Resources */ = {isa = PBXBuildFile; fileRef = 962559021B39AF1A005E4360 /* Images.xcassets */; };
		962559061B39AF1A005E4360 /* LaunchScreen.xib in Resources */ = {isa = PBXBuildFile; fileRef = 962559041B39AF1A005E4360 /* LaunchScreen.xib */; };
		9625591C1B39AF72005E4360 /* PrototypeListTableViewController.swift in Sources */ = {isa = PBXBuildFile; fileRef = 9625591B1B39AF72005E4360 /* PrototypeListTableViewController.swift */; };
		9625591E1B39AF80005E4360 /* PlayerViewController.swift in Sources */ = {isa = PBXBuildFile; fileRef = 9625591D1B39AF80005E4360 /* PlayerViewController.swift */; };
		962559211B39AFA6005E4360 /* PrototypeProvider.swift in Sources */ = {isa = PBXBuildFile; fileRef = 962559201B39AFA6005E4360 /* PrototypeProvider.swift */; };
		962559231B39AFB9005E4360 /* Early-Math-Prototypes in Resources */ = {isa = PBXBuildFile; fileRef = 962559221B39AFB9005E4360 /* Early-Math-Prototypes */; };
/* End PBXBuildFile section */

/* Begin PBXFileReference section */
		962558F61B39AF1A005E4360 /* Early Math Prototype Player.app */ = {isa = PBXFileReference; explicitFileType = wrapper.application; includeInIndex = 0; path = "Early Math Prototype Player.app"; sourceTree = BUILT_PRODUCTS_DIR; };
		962558FA1B39AF1A005E4360 /* Info.plist */ = {isa = PBXFileReference; lastKnownFileType = text.plist.xml; path = Info.plist; sourceTree = "<group>"; };
		962558FB1B39AF1A005E4360 /* AppDelegate.swift */ = {isa = PBXFileReference; lastKnownFileType = sourcecode.swift; path = AppDelegate.swift; sourceTree = "<group>"; };
		962559021B39AF1A005E4360 /* Images.xcassets */ = {isa = PBXFileReference; lastKnownFileType = folder.assetcatalog; path = Images.xcassets; sourceTree = "<group>"; };
		962559051B39AF1A005E4360 /* Base */ = {isa = PBXFileReference; lastKnownFileType = file.xib; name = Base; path = Base.lproj/LaunchScreen.xib; sourceTree = "<group>"; };
		9625591B1B39AF72005E4360 /* PrototypeListTableViewController.swift */ = {isa = PBXFileReference; fileEncoding = 4; lastKnownFileType = sourcecode.swift; path = PrototypeListTableViewController.swift; sourceTree = "<group>"; };
		9625591D1B39AF80005E4360 /* PlayerViewController.swift */ = {isa = PBXFileReference; fileEncoding = 4; lastKnownFileType = sourcecode.swift; path = PlayerViewController.swift; sourceTree = "<group>"; };
		962559201B39AFA6005E4360 /* PrototypeProvider.swift */ = {isa = PBXFileReference; fileEncoding = 4; lastKnownFileType = sourcecode.swift; path = PrototypeProvider.swift; sourceTree = "<group>"; };
		962559221B39AFB9005E4360 /* Early-Math-Prototypes */ = {isa = PBXFileReference; lastKnownFileType = folder; path = "Early-Math-Prototypes"; sourceTree = "<group>"; };
/* End PBXFileReference section */

/* Begin PBXFrameworksBuildPhase section */
		962558F31B39AF1A005E4360 /* Frameworks */ = {
			isa = PBXFrameworksBuildPhase;
			buildActionMask = 2147483647;
			files = (
			);
			runOnlyForDeploymentPostprocessing = 0;
		};
/* End PBXFrameworksBuildPhase section */

/* Begin PBXGroup section */
		962558ED1B39AF1A005E4360 = {
			isa = PBXGroup;
			children = (
				962558F81B39AF1A005E4360 /* Early Math Prototype Player */,
				962558F71B39AF1A005E4360 /* Products */,
			);
			sourceTree = "<group>";
		};
		962558F71B39AF1A005E4360 /* Products */ = {
			isa = PBXGroup;
			children = (
				962558F61B39AF1A005E4360 /* Early Math Prototype Player.app */,
			);
			name = Products;
			sourceTree = "<group>";
		};
		962558F81B39AF1A005E4360 /* Early Math Prototype Player */ = {
			isa = PBXGroup;
			children = (
				9625591F1B39AF96005E4360 /* Model */,
				962558FB1B39AF1A005E4360 /* AppDelegate.swift */,
				9625591B1B39AF72005E4360 /* PrototypeListTableViewController.swift */,
				9625591D1B39AF80005E4360 /* PlayerViewController.swift */,
				962559021B39AF1A005E4360 /* Images.xcassets */,
				962559041B39AF1A005E4360 /* LaunchScreen.xib */,
				962558F91B39AF1A005E4360 /* Supporting Files */,
			);
			path = "Early Math Prototype Player";
			sourceTree = "<group>";
		};
		962558F91B39AF1A005E4360 /* Supporting Files */ = {
			isa = PBXGroup;
			children = (
				962559221B39AFB9005E4360 /* Early-Math-Prototypes */,
				962558FA1B39AF1A005E4360 /* Info.plist */,
			);
			name = "Supporting Files";
			sourceTree = "<group>";
		};
		9625591F1B39AF96005E4360 /* Model */ = {
			isa = PBXGroup;
			children = (
				962559201B39AFA6005E4360 /* PrototypeProvider.swift */,
			);
			name = Model;
			sourceTree = "<group>";
		};
/* End PBXGroup section */

/* Begin PBXNativeTarget section */
		962558F51B39AF1A005E4360 /* Early Math Prototype Player */ = {
			isa = PBXNativeTarget;
			buildConfigurationList = 962559151B39AF1A005E4360 /* Build configuration list for PBXNativeTarget "Early Math Prototype Player" */;
			buildPhases = (
				962558F21B39AF1A005E4360 /* Sources */,
				962558F31B39AF1A005E4360 /* Frameworks */,
				962558F41B39AF1A005E4360 /* Resources */,
			);
			buildRules = (
			);
			dependencies = (
			);
			name = "Early Math Prototype Player";
			productName = "Early Math Prototype Player";
			productReference = 962558F61B39AF1A005E4360 /* Early Math Prototype Player.app */;
			productType = "com.apple.product-type.application";
		};
/* End PBXNativeTarget section */

/* Begin PBXProject section */
		962558EE1B39AF1A005E4360 /* Project object */ = {
			isa = PBXProject;
			attributes = {
				LastUpgradeCheck = 0630;
				ORGANIZATIONNAME = "Khan Academy";
				TargetAttributes = {
					962558F51B39AF1A005E4360 = {
						CreatedOnToolsVersion = 6.3.1;
					};
				};
			};
			buildConfigurationList = 962558F11B39AF1A005E4360 /* Build configuration list for PBXProject "Early Math Prototype Player" */;
			compatibilityVersion = "Xcode 3.2";
			developmentRegion = English;
			hasScannedForEncodings = 0;
			knownRegions = (
				en,
				Base,
			);
			mainGroup = 962558ED1B39AF1A005E4360;
			productRefGroup = 962558F71B39AF1A005E4360 /* Products */;
			projectDirPath = "";
			projectRoot = "";
			targets = (
				962558F51B39AF1A005E4360 /* Early Math Prototype Player */,
			);
		};
/* End PBXProject section */

/* Begin PBXResourcesBuildPhase section */
		962558F41B39AF1A005E4360 /* Resources */ = {
			isa = PBXResourcesBuildPhase;
			buildActionMask = 2147483647;
			files = (
				962559231B39AFB9005E4360 /* Early-Math-Prototypes in Resources */,
				962559061B39AF1A005E4360 /* LaunchScreen.xib in Resources */,
				962559031B39AF1A005E4360 /* Images.xcassets in Resources */,
			);
			runOnlyForDeploymentPostprocessing = 0;
		};
/* End PBXResourcesBuildPhase section */

/* Begin PBXSourcesBuildPhase section */
		962558F21B39AF1A005E4360 /* Sources */ = {
			isa = PBXSourcesBuildPhase;
			buildActionMask = 2147483647;
			files = (
				9625591C1B39AF72005E4360 /* PrototypeListTableViewController.swift in Sources */,
				962558FC1B39AF1A005E4360 /* AppDelegate.swift in Sources */,
				9625591E1B39AF80005E4360 /* PlayerViewController.swift in Sources */,
				962559211B39AFA6005E4360 /* PrototypeProvider.swift in Sources */,
			);
			runOnlyForDeploymentPostprocessing = 0;
		};
/* End PBXSourcesBuildPhase section */

/* Begin PBXVariantGroup section */
		962559041B39AF1A005E4360 /* LaunchScreen.xib */ = {
			isa = PBXVariantGroup;
			children = (
				962559051B39AF1A005E4360 /* Base */,
			);
			name = LaunchScreen.xib;
			sourceTree = "<group>";
		};
/* End PBXVariantGroup section */

/* Begin XCBuildConfiguration section */
		962559131B39AF1A005E4360 /* Debug */ = {
			isa = XCBuildConfiguration;
			buildSettings = {
				ALWAYS_SEARCH_USER_PATHS = NO;
				CLANG_CXX_LANGUAGE_STANDARD = "gnu++0x";
				CLANG_CXX_LIBRARY = "libc++";
				CLANG_ENABLE_MODULES = YES;
				CLANG_ENABLE_OBJC_ARC = YES;
				CLANG_WARN_BOOL_CONVERSION = YES;
				CLANG_WARN_CONSTANT_CONVERSION = YES;
				CLANG_WARN_DIRECT_OBJC_ISA_USAGE = YES_ERROR;
				CLANG_WARN_EMPTY_BODY = YES;
				CLANG_WARN_ENUM_CONVERSION = YES;
				CLANG_WARN_INT_CONVERSION = YES;
				CLANG_WARN_OBJC_ROOT_CLASS = YES_ERROR;
				CLANG_WARN_UNREACHABLE_CODE = YES;
				CLANG_WARN__DUPLICATE_METHOD_MATCH = YES;
				"CODE_SIGN_IDENTITY[sdk=iphoneos*]" = "iPhone Developer";
				COPY_PHASE_STRIP = NO;
				DEBUG_INFORMATION_FORMAT = "dwarf-with-dsym";
				ENABLE_STRICT_OBJC_MSGSEND = YES;
				GCC_C_LANGUAGE_STANDARD = gnu99;
				GCC_DYNAMIC_NO_PIC = NO;
				GCC_NO_COMMON_BLOCKS = YES;
				GCC_OPTIMIZATION_LEVEL = 0;
				GCC_PREPROCESSOR_DEFINITIONS = (
					"DEBUG=1",
					"$(inherited)",
				);
				GCC_SYMBOLS_PRIVATE_EXTERN = NO;
				GCC_WARN_64_TO_32_BIT_CONVERSION = YES;
				GCC_WARN_ABOUT_RETURN_TYPE = YES_ERROR;
				GCC_WARN_UNDECLARED_SELECTOR = YES;
				GCC_WARN_UNINITIALIZED_AUTOS = YES_AGGRESSIVE;
				GCC_WARN_UNUSED_FUNCTION = YES;
				GCC_WARN_UNUSED_VARIABLE = YES;
				IPHONEOS_DEPLOYMENT_TARGET = 8.3;
				MTL_ENABLE_DEBUG_INFO = YES;
				ONLY_ACTIVE_ARCH = YES;
				SDKROOT = iphoneos;
				SWIFT_OPTIMIZATION_LEVEL = "-Onone";
				TARGETED_DEVICE_FAMILY = 2;
			};
			name = Debug;
		};
		962559141B39AF1A005E4360 /* Release */ = {
			isa = XCBuildConfiguration;
			buildSettings = {
				ALWAYS_SEARCH_USER_PATHS = NO;
				CLANG_CXX_LANGUAGE_STANDARD = "gnu++0x";
				CLANG_CXX_LIBRARY = "libc++";
				CLANG_ENABLE_MODULES = YES;
				CLANG_ENABLE_OBJC_ARC = YES;
				CLANG_WARN_BOOL_CONVERSION = YES;
				CLANG_WARN_CONSTANT_CONVERSION = YES;
				CLANG_WARN_DIRECT_OBJC_ISA_USAGE = YES_ERROR;
				CLANG_WARN_EMPTY_BODY = YES;
				CLANG_WARN_ENUM_CONVERSION = YES;
				CLANG_WARN_INT_CONVERSION = YES;
				CLANG_WARN_OBJC_ROOT_CLASS = YES_ERROR;
				CLANG_WARN_UNREACHABLE_CODE = YES;
				CLANG_WARN__DUPLICATE_METHOD_MATCH = YES;
				"CODE_SIGN_IDENTITY[sdk=iphoneos*]" = "iPhone Developer";
				COPY_PHASE_STRIP = NO;
				DEBUG_INFORMATION_FORMAT = "dwarf-with-dsym";
				ENABLE_NS_ASSERTIONS = NO;
				ENABLE_STRICT_OBJC_MSGSEND = YES;
				GCC_C_LANGUAGE_STANDARD = gnu99;
				GCC_NO_COMMON_BLOCKS = YES;
				GCC_WARN_64_TO_32_BIT_CONVERSION = YES;
				GCC_WARN_ABOUT_RETURN_TYPE = YES_ERROR;
				GCC_WARN_UNDECLARED_SELECTOR = YES;
				GCC_WARN_UNINITIALIZED_AUTOS = YES_AGGRESSIVE;
				GCC_WARN_UNUSED_FUNCTION = YES;
				GCC_WARN_UNUSED_VARIABLE = YES;
				IPHONEOS_DEPLOYMENT_TARGET = 8.3;
				MTL_ENABLE_DEBUG_INFO = NO;
				SDKROOT = iphoneos;
				TARGETED_DEVICE_FAMILY = 2;
				VALIDATE_PRODUCT = YES;
			};
			name = Release;
		};
		962559161B39AF1A005E4360 /* Debug */ = {
			isa = XCBuildConfiguration;
			buildSettings = {
				ASSETCATALOG_COMPILER_APPICON_NAME = AppIcon;
				INFOPLIST_FILE = "Early Math Prototype Player/Info.plist";
				LD_RUNPATH_SEARCH_PATHS = "$(inherited) @executable_path/Frameworks";
				PRODUCT_NAME = "$(TARGET_NAME)";
			};
			name = Debug;
		};
		962559171B39AF1A005E4360 /* Release */ = {
			isa = XCBuildConfiguration;
			buildSettings = {
				ASSETCATALOG_COMPILER_APPICON_NAME = AppIcon;
				INFOPLIST_FILE = "Early Math Prototype Player/Info.plist";
				LD_RUNPATH_SEARCH_PATHS = "$(inherited) @executable_path/Frameworks";
				PRODUCT_NAME = "$(TARGET_NAME)";
			};
			name = Release;
		};
/* End XCBuildConfiguration section */

/* Begin XCConfigurationList section */
		962558F11B39AF1A005E4360 /* Build configuration list for PBXProject "Early Math Prototype Player" */ = {
			isa = XCConfigurationList;
			buildConfigurations = (
				962559131B39AF1A005E4360 /* Debug */,
				962559141B39AF1A005E4360 /* Release */,
			);
			defaultConfigurationIsVisible = 0;
			defaultConfigurationName = Release;
		};
		962559151B39AF1A005E4360 /* Build configuration list for PBXNativeTarget "Early Math Prototype Player" */ = {
			isa = XCConfigurationList;
			buildConfigurations = (
				962559161B39AF1A005E4360 /* Debug */,
				962559171B39AF1A005E4360 /* Release */,
			);
			defaultConfigurationIsVisible = 0;
		};
/* End XCConfigurationList section */
	};
	rootObject = 962558EE1B39AF1A005E4360 /* Project object */;
}
