// !$*UTF8*$!
{
	archiveVersion = 1;
	classes = {
	};
	objectVersion = 46;
	objects = {

/* Begin PBXBuildFile section */
		962558FC1B39AF1A005E4360 /* AppDelegate.swift in Sources */ = {isa = PBXBuildFile; fileRef = 962558FB1B39AF1A005E4360 /* AppDelegate.swift */; };
		962559031B39AF1A005E4360 /* Images.xcassets in Resources */ = {isa = PBXBuildFile; fileRef = 962559021B39AF1A005E4360 /* Images.xcassets */; };
		962559061B39AF1A005E4360 /* LaunchScreen.xib in Resources */ = {isa = PBXBuildFile; fileRef = 962559041B39AF1A005E4360 /* LaunchScreen.xib */; };
		9625591C1B39AF72005E4360 /* PrototypeListCollectionViewController.swift in Sources */ = {isa = PBXBuildFile; fileRef = 9625591B1B39AF72005E4360 /* PrototypeListCollectionViewController.swift */; };
		9625591E1B39AF80005E4360 /* PlayerViewController.swift in Sources */ = {isa = PBXBuildFile; fileRef = 9625591D1B39AF80005E4360 /* PlayerViewController.swift */; };
		962559211B39AFA6005E4360 /* PrototypeProvider.swift in Sources */ = {isa = PBXBuildFile; fileRef = 962559201B39AFA6005E4360 /* PrototypeProvider.swift */; };
		962559231B39AFB9005E4360 /* Early-Math-Prototypes in Resources */ = {isa = PBXBuildFile; fileRef = 962559221B39AFB9005E4360 /* Early-Math-Prototypes */; };
		96DBF37F1B3AF25A003E0D46 /* Prototope.framework in Frameworks */ = {isa = PBXBuildFile; fileRef = 96DBF36E1B3AF243003E0D46 /* Prototope.framework */; };
		96DBF3801B3AF25A003E0D46 /* Prototope.framework in Embed Frameworks */ = {isa = PBXBuildFile; fileRef = 96DBF36E1B3AF243003E0D46 /* Prototope.framework */; settings = {ATTRIBUTES = (CodeSignOnCopy, RemoveHeadersOnCopy, ); }; };
		96DBF3831B3AF25A003E0D46 /* PrototopeJSBridge.framework in Frameworks */ = {isa = PBXBuildFile; fileRef = 96DBF3741B3AF243003E0D46 /* PrototopeJSBridge.framework */; };
		96DBF3841B3AF25A003E0D46 /* PrototopeJSBridge.framework in Embed Frameworks */ = {isa = PBXBuildFile; fileRef = 96DBF3741B3AF243003E0D46 /* PrototopeJSBridge.framework */; settings = {ATTRIBUTES = (CodeSignOnCopy, RemoveHeadersOnCopy, ); }; };
		96DBF3901B3AFE68003E0D46 /* protoscope-bundle.js in Resources */ = {isa = PBXBuildFile; fileRef = 96DBF38F1B3AFE68003E0D46 /* protoscope-bundle.js */; };
		EB3CBCF61B3B2ADE0038AE64 /* ReadmeViewController.swift in Sources */ = {isa = PBXBuildFile; fileRef = EB3CBCF51B3B2ADE0038AE64 /* ReadmeViewController.swift */; };
		EB7841D21B3BB121008E5160 /* libMMMarkdown-iOS.a in Frameworks */ = {isa = PBXBuildFile; fileRef = EB7841C61B3BB114008E5160 /* libMMMarkdown-iOS.a */; };
		EB9530441B47080800E4E5C8 /* FLAnimatedImage.m in Sources */ = {isa = PBXBuildFile; fileRef = EB9530411B47080800E4E5C8 /* FLAnimatedImage.m */; };
		EB9530451B47080800E4E5C8 /* FLAnimatedImageView.m in Sources */ = {isa = PBXBuildFile; fileRef = EB9530431B47080800E4E5C8 /* FLAnimatedImageView.m */; };
/* End PBXBuildFile section */

/* Begin PBXContainerItemProxy section */
		96DBF36D1B3AF243003E0D46 /* PBXContainerItemProxy */ = {
			isa = PBXContainerItemProxy;
			containerPortal = 96DBF35D1B3AF243003E0D46 /* Prototope.xcodeproj */;
			proxyType = 2;
			remoteGlobalIDString = EBE3A75619DF79C400A77736;
			remoteInfo = Prototope;
		};
		96DBF36F1B3AF243003E0D46 /* PBXContainerItemProxy */ = {
			isa = PBXContainerItemProxy;
			containerPortal = 96DBF35D1B3AF243003E0D46 /* Prototope.xcodeproj */;
			proxyType = 2;
			remoteGlobalIDString = EB306C0919DF77CC00113FA3;
			remoteInfo = PrototopeTestApp;
		};
		96DBF3711B3AF243003E0D46 /* PBXContainerItemProxy */ = {
			isa = PBXContainerItemProxy;
			containerPortal = 96DBF35D1B3AF243003E0D46 /* Prototope.xcodeproj */;
			proxyType = 2;
			remoteGlobalIDString = EB1C2A6C19E4D19B000DC2C1;
			remoteInfo = PrototopeTests;
		};
		96DBF3731B3AF243003E0D46 /* PBXContainerItemProxy */ = {
			isa = PBXContainerItemProxy;
			containerPortal = 96DBF35D1B3AF243003E0D46 /* Prototope.xcodeproj */;
			proxyType = 2;
			remoteGlobalIDString = EB453D8F1A7AB0B2006F2A72;
			remoteInfo = PrototopeJSBridge;
		};
		96DBF3751B3AF243003E0D46 /* PBXContainerItemProxy */ = {
			isa = PBXContainerItemProxy;
			containerPortal = 96DBF35D1B3AF243003E0D46 /* Prototope.xcodeproj */;
			proxyType = 2;
			remoteGlobalIDString = EB453D991A7AB0B2006F2A72;
			remoteInfo = PrototopeJSBridgeTests;
		};
		96DBF3771B3AF243003E0D46 /* PBXContainerItemProxy */ = {
			isa = PBXContainerItemProxy;
			containerPortal = 96DBF35D1B3AF243003E0D46 /* Prototope.xcodeproj */;
			proxyType = 2;
			remoteGlobalIDString = EB6BFB801A857326002B4E6A;
			remoteInfo = Protocaster;
		};
		96DBF3791B3AF243003E0D46 /* PBXContainerItemProxy */ = {
			isa = PBXContainerItemProxy;
			containerPortal = 96DBF35D1B3AF243003E0D46 /* Prototope.xcodeproj */;
			proxyType = 2;
			remoteGlobalIDString = EB6BFB911A857326002B4E6A;
			remoteInfo = ProtocasterTests;
		};
		96DBF37B1B3AF243003E0D46 /* PBXContainerItemProxy */ = {
			isa = PBXContainerItemProxy;
			containerPortal = 96DBF35D1B3AF243003E0D46 /* Prototope.xcodeproj */;
			proxyType = 2;
			remoteGlobalIDString = EB6BFBB51A857920002B4E6A;
			remoteInfo = Protoscope;
		};
		96DBF37D1B3AF243003E0D46 /* PBXContainerItemProxy */ = {
			isa = PBXContainerItemProxy;
			containerPortal = 96DBF35D1B3AF243003E0D46 /* Prototope.xcodeproj */;
			proxyType = 2;
			remoteGlobalIDString = EB6BFBC91A857921002B4E6A;
			remoteInfo = ProtoscopeTests;
		};
		96DBF3811B3AF25A003E0D46 /* PBXContainerItemProxy */ = {
			isa = PBXContainerItemProxy;
			containerPortal = 96DBF35D1B3AF243003E0D46 /* Prototope.xcodeproj */;
			proxyType = 1;
			remoteGlobalIDString = EBE3A75519DF79C400A77736;
			remoteInfo = Prototope;
		};
		96DBF3851B3AF25A003E0D46 /* PBXContainerItemProxy */ = {
			isa = PBXContainerItemProxy;
			containerPortal = 96DBF35D1B3AF243003E0D46 /* Prototope.xcodeproj */;
			proxyType = 1;
			remoteGlobalIDString = EB453D8E1A7AB0B2006F2A72;
			remoteInfo = PrototopeJSBridge;
		};
		EB7841C31B3BB114008E5160 /* PBXContainerItemProxy */ = {
			isa = PBXContainerItemProxy;
			containerPortal = EB7841BC1B3BB114008E5160 /* MMMarkdown.xcodeproj */;
			proxyType = 2;
			remoteGlobalIDString = BE813DD614F893EB00EC9469;
			remoteInfo = "MMMarkdown-Mac";
		};
		EB7841C51B3BB114008E5160 /* PBXContainerItemProxy */ = {
			isa = PBXContainerItemProxy;
			containerPortal = EB7841BC1B3BB114008E5160 /* MMMarkdown.xcodeproj */;
			proxyType = 2;
			remoteGlobalIDString = BE813E0E14F8961D00EC9469;
			remoteInfo = "MMMarkdown-iOS";
		};
		EB7841C71B3BB114008E5160 /* PBXContainerItemProxy */ = {
			isa = PBXContainerItemProxy;
			containerPortal = EB7841BC1B3BB114008E5160 /* MMMarkdown.xcodeproj */;
			proxyType = 2;
			remoteGlobalIDString = BE813DEA14F893EB00EC9469;
			remoteInfo = MMMarkdownTests;
		};
		EB7841C91B3BB114008E5160 /* PBXContainerItemProxy */ = {
			isa = PBXContainerItemProxy;
			containerPortal = EB7841BC1B3BB114008E5160 /* MMMarkdown.xcodeproj */;
			proxyType = 2;
			remoteGlobalIDString = BE813E1314F92B6100EC9469;
			remoteInfo = mmmarkdown;
		};
/* End PBXContainerItemProxy section */

/* Begin PBXCopyFilesBuildPhase section */
		96DBF3871B3AF25A003E0D46 /* Embed Frameworks */ = {
			isa = PBXCopyFilesBuildPhase;
			buildActionMask = 2147483647;
			dstPath = "";
			dstSubfolderSpec = 10;
			files = (
				96DBF3801B3AF25A003E0D46 /* Prototope.framework in Embed Frameworks */,
				96DBF3841B3AF25A003E0D46 /* PrototopeJSBridge.framework in Embed Frameworks */,
			);
			name = "Embed Frameworks";
			runOnlyForDeploymentPostprocessing = 0;
		};
/* End PBXCopyFilesBuildPhase section */

/* Begin PBXFileReference section */
		962558F61B39AF1A005E4360 /* Early Math Prototype Player.app */ = {isa = PBXFileReference; explicitFileType = wrapper.application; includeInIndex = 0; path = "Early Math Prototype Player.app"; sourceTree = BUILT_PRODUCTS_DIR; };
		962558FA1B39AF1A005E4360 /* Info.plist */ = {isa = PBXFileReference; lastKnownFileType = text.plist.xml; path = Info.plist; sourceTree = "<group>"; };
		962558FB1B39AF1A005E4360 /* AppDelegate.swift */ = {isa = PBXFileReference; lastKnownFileType = sourcecode.swift; path = AppDelegate.swift; sourceTree = "<group>"; };
		962559021B39AF1A005E4360 /* Images.xcassets */ = {isa = PBXFileReference; lastKnownFileType = folder.assetcatalog; path = Images.xcassets; sourceTree = "<group>"; };
		962559051B39AF1A005E4360 /* Base */ = {isa = PBXFileReference; lastKnownFileType = file.xib; name = Base; path = Base.lproj/LaunchScreen.xib; sourceTree = "<group>"; };
		9625591B1B39AF72005E4360 /* PrototypeListCollectionViewController.swift */ = {isa = PBXFileReference; fileEncoding = 4; lastKnownFileType = sourcecode.swift; path = PrototypeListCollectionViewController.swift; sourceTree = "<group>"; };
		9625591D1B39AF80005E4360 /* PlayerViewController.swift */ = {isa = PBXFileReference; fileEncoding = 4; lastKnownFileType = sourcecode.swift; path = PlayerViewController.swift; sourceTree = "<group>"; };
		962559201B39AFA6005E4360 /* PrototypeProvider.swift */ = {isa = PBXFileReference; fileEncoding = 4; lastKnownFileType = sourcecode.swift; path = PrototypeProvider.swift; sourceTree = "<group>"; };
		962559221B39AFB9005E4360 /* Early-Math-Prototypes */ = {isa = PBXFileReference; lastKnownFileType = folder; path = "Early-Math-Prototypes"; sourceTree = "<group>"; };
		96DBF35D1B3AF243003E0D46 /* Prototope.xcodeproj */ = {isa = PBXFileReference; lastKnownFileType = "wrapper.pb-project"; name = Prototope.xcodeproj; path = Prototope/Prototope.xcodeproj; sourceTree = SOURCE_ROOT; };
		96DBF38F1B3AFE68003E0D46 /* protoscope-bundle.js */ = {isa = PBXFileReference; fileEncoding = 4; lastKnownFileType = sourcecode.javascript; path = "protoscope-bundle.js"; sourceTree = "<group>"; };
		EB3CBCF51B3B2ADE0038AE64 /* ReadmeViewController.swift */ = {isa = PBXFileReference; fileEncoding = 4; lastKnownFileType = sourcecode.swift; path = ReadmeViewController.swift; sourceTree = "<group>"; };
		EB7841BC1B3BB114008E5160 /* MMMarkdown.xcodeproj */ = {isa = PBXFileReference; lastKnownFileType = "wrapper.pb-project"; name = MMMarkdown.xcodeproj; path = ThirdParty/MMMarkdown/MMMarkdown.xcodeproj; sourceTree = SOURCE_ROOT; };
		EB7841D31B3BB13D008E5160 /* Early Math Prototype Player-Bridging-Header.h */ = {isa = PBXFileReference; lastKnownFileType = sourcecode.c.h; path = "Early Math Prototype Player-Bridging-Header.h"; sourceTree = "<group>"; };
		EB9530401B47080800E4E5C8 /* FLAnimatedImage.h */ = {isa = PBXFileReference; fileEncoding = 4; lastKnownFileType = sourcecode.c.h; name = FLAnimatedImage.h; path = ThirdParty/FLAnimatedImage/FLAnimatedImageDemo/FLAnimatedImage/FLAnimatedImage.h; sourceTree = SOURCE_ROOT; };
		EB9530411B47080800E4E5C8 /* FLAnimatedImage.m */ = {isa = PBXFileReference; fileEncoding = 4; lastKnownFileType = sourcecode.c.objc; name = FLAnimatedImage.m; path = ThirdParty/FLAnimatedImage/FLAnimatedImageDemo/FLAnimatedImage/FLAnimatedImage.m; sourceTree = SOURCE_ROOT; };
		EB9530421B47080800E4E5C8 /* FLAnimatedImageView.h */ = {isa = PBXFileReference; fileEncoding = 4; lastKnownFileType = sourcecode.c.h; name = FLAnimatedImageView.h; path = ThirdParty/FLAnimatedImage/FLAnimatedImageDemo/FLAnimatedImage/FLAnimatedImageView.h; sourceTree = SOURCE_ROOT; };
		EB9530431B47080800E4E5C8 /* FLAnimatedImageView.m */ = {isa = PBXFileReference; fileEncoding = 4; lastKnownFileType = sourcecode.c.objc; name = FLAnimatedImageView.m; path = ThirdParty/FLAnimatedImage/FLAnimatedImageDemo/FLAnimatedImage/FLAnimatedImageView.m; sourceTree = SOURCE_ROOT; };
/* End PBXFileReference section */

/* Begin PBXFrameworksBuildPhase section */
		962558F31B39AF1A005E4360 /* Frameworks */ = {
			isa = PBXFrameworksBuildPhase;
			buildActionMask = 2147483647;
			files = (
				EB7841D21B3BB121008E5160 /* libMMMarkdown-iOS.a in Frameworks */,
				96DBF37F1B3AF25A003E0D46 /* Prototope.framework in Frameworks */,
				96DBF3831B3AF25A003E0D46 /* PrototopeJSBridge.framework in Frameworks */,
			);
			runOnlyForDeploymentPostprocessing = 0;
		};
/* End PBXFrameworksBuildPhase section */

/* Begin PBXGroup section */
		962558ED1B39AF1A005E4360 = {
			isa = PBXGroup;
			children = (
				962558F81B39AF1A005E4360 /* Early Math Prototype Player */,
				962558F71B39AF1A005E4360 /* Products */,
			);
			sourceTree = "<group>";
		};
		962558F71B39AF1A005E4360 /* Products */ = {
			isa = PBXGroup;
			children = (
				962558F61B39AF1A005E4360 /* Early Math Prototype Player.app */,
			);
			name = Products;
			sourceTree = "<group>";
		};
		962558F81B39AF1A005E4360 /* Early Math Prototype Player */ = {
			isa = PBXGroup;
			children = (
				9625591F1B39AF96005E4360 /* Model */,
				962558FB1B39AF1A005E4360 /* AppDelegate.swift */,
				9625591B1B39AF72005E4360 /* PrototypeListCollectionViewController.swift */,
				EB3CBCF51B3B2ADE0038AE64 /* ReadmeViewController.swift */,
				9625591D1B39AF80005E4360 /* PlayerViewController.swift */,
				962559021B39AF1A005E4360 /* Images.xcassets */,
				962559041B39AF1A005E4360 /* LaunchScreen.xib */,
				962558F91B39AF1A005E4360 /* Supporting Files */,
			);
			path = "Early Math Prototype Player";
			sourceTree = "<group>";
		};
		962558F91B39AF1A005E4360 /* Supporting Files */ = {
			isa = PBXGroup;
			children = (
				EB7841D31B3BB13D008E5160 /* Early Math Prototype Player-Bridging-Header.h */,
				EB9530341B4707D900E4E5C8 /* Third Party */,
				96DBF35D1B3AF243003E0D46 /* Prototope.xcodeproj */,
				962559221B39AFB9005E4360 /* Early-Math-Prototypes */,
				962558FA1B39AF1A005E4360 /* Info.plist */,
				96DBF38F1B3AFE68003E0D46 /* protoscope-bundle.js */,
			);
			name = "Supporting Files";
			sourceTree = "<group>";
		};
		9625591F1B39AF96005E4360 /* Model */ = {
			isa = PBXGroup;
			children = (
				962559201B39AFA6005E4360 /* PrototypeProvider.swift */,
			);
			name = Model;
			sourceTree = "<group>";
		};
		96DBF35E1B3AF243003E0D46 /* Products */ = {
			isa = PBXGroup;
			children = (
				96DBF36E1B3AF243003E0D46 /* Prototope.framework */,
				96DBF3701B3AF243003E0D46 /* PrototopeTestApp.app */,
				96DBF3721B3AF243003E0D46 /* PrototopeTests.xctest */,
				96DBF3741B3AF243003E0D46 /* PrototopeJSBridge.framework */,
				96DBF3761B3AF243003E0D46 /* PrototopeJSBridgeTests.xctest */,
				96DBF3781B3AF243003E0D46 /* Protocaster.app */,
				96DBF37A1B3AF243003E0D46 /* ProtocasterTests.xctest */,
				96DBF37C1B3AF243003E0D46 /* Protoscope.app */,
				96DBF37E1B3AF243003E0D46 /* ProtoscopeTests.xctest */,
			);
			name = Products;
			sourceTree = "<group>";
		};
		EB7841BD1B3BB114008E5160 /* Products */ = {
			isa = PBXGroup;
			children = (
				EB7841C41B3BB114008E5160 /* libMMMarkdown-Mac.a */,
				EB7841C61B3BB114008E5160 /* libMMMarkdown-iOS.a */,
				EB7841C81B3BB114008E5160 /* MMMarkdownTests.xctest */,
				EB7841CA1B3BB114008E5160 /* mmmarkdown */,
			);
			name = Products;
			sourceTree = "<group>";
		};
		EB9530341B4707D900E4E5C8 /* Third Party */ = {
			isa = PBXGroup;
			children = (
				EB9530461B47080C00E4E5C8 /* FLAnimatedImageView */,
				EB7841BC1B3BB114008E5160 /* MMMarkdown.xcodeproj */,
			);
			name = "Third Party";
			sourceTree = "<group>";
		};
		EB9530461B47080C00E4E5C8 /* FLAnimatedImageView */ = {
			isa = PBXGroup;
			children = (
				EB9530401B47080800E4E5C8 /* FLAnimatedImage.h */,
				EB9530411B47080800E4E5C8 /* FLAnimatedImage.m */,
				EB9530421B47080800E4E5C8 /* FLAnimatedImageView.h */,
				EB9530431B47080800E4E5C8 /* FLAnimatedImageView.m */,
			);
			name = FLAnimatedImageView;
			sourceTree = "<group>";
		};
/* End PBXGroup section */

/* Begin PBXNativeTarget section */
		962558F51B39AF1A005E4360 /* Early Math Prototype Player */ = {
			isa = PBXNativeTarget;
			buildConfigurationList = 962559151B39AF1A005E4360 /* Build configuration list for PBXNativeTarget "Early Math Prototype Player" */;
			buildPhases = (
				962558F21B39AF1A005E4360 /* Sources */,
				962558F31B39AF1A005E4360 /* Frameworks */,
				962558F41B39AF1A005E4360 /* Resources */,
				96DBF3871B3AF25A003E0D46 /* Embed Frameworks */,
			);
			buildRules = (
			);
			dependencies = (
				96DBF3821B3AF25A003E0D46 /* PBXTargetDependency */,
				96DBF3861B3AF25A003E0D46 /* PBXTargetDependency */,
			);
			name = "Early Math Prototype Player";
			productName = "Early Math Prototype Player";
			productReference = 962558F61B39AF1A005E4360 /* Early Math Prototype Player.app */;
			productType = "com.apple.product-type.application";
		};
/* End PBXNativeTarget section */

/* Begin PBXProject section */
		962558EE1B39AF1A005E4360 /* Project object */ = {
			isa = PBXProject;
			attributes = {
				LastSwiftUpdateCheck = 0700;
				LastUpgradeCheck = 0630;
				ORGANIZATIONNAME = "Khan Academy";
				TargetAttributes = {
					962558F51B39AF1A005E4360 = {
						CreatedOnToolsVersion = 6.3.1;
					};
				};
			};
			buildConfigurationList = 962558F11B39AF1A005E4360 /* Build configuration list for PBXProject "Early Math Prototype Player" */;
			compatibilityVersion = "Xcode 3.2";
			developmentRegion = English;
			hasScannedForEncodings = 0;
			knownRegions = (
				en,
				Base,
			);
			mainGroup = 962558ED1B39AF1A005E4360;
			productRefGroup = 962558F71B39AF1A005E4360 /* Products */;
			projectDirPath = "";
			projectReferences = (
				{
					ProductGroup = EB7841BD1B3BB114008E5160 /* Products */;
					ProjectRef = EB7841BC1B3BB114008E5160 /* MMMarkdown.xcodeproj */;
				},
				{
					ProductGroup = 96DBF35E1B3AF243003E0D46 /* Products */;
					ProjectRef = 96DBF35D1B3AF243003E0D46 /* Prototope.xcodeproj */;
				},
			);
			projectRoot = "";
			targets = (
				962558F51B39AF1A005E4360 /* Early Math Prototype Player */,
			);
		};
/* End PBXProject section */

/* Begin PBXReferenceProxy section */
		96DBF36E1B3AF243003E0D46 /* Prototope.framework */ = {
			isa = PBXReferenceProxy;
			fileType = wrapper.framework;
			path = Prototope.framework;
			remoteRef = 96DBF36D1B3AF243003E0D46 /* PBXContainerItemProxy */;
			sourceTree = BUILT_PRODUCTS_DIR;
		};
		96DBF3701B3AF243003E0D46 /* PrototopeTestApp.app */ = {
			isa = PBXReferenceProxy;
			fileType = wrapper.application;
			path = PrototopeTestApp.app;
			remoteRef = 96DBF36F1B3AF243003E0D46 /* PBXContainerItemProxy */;
			sourceTree = BUILT_PRODUCTS_DIR;
		};
		96DBF3721B3AF243003E0D46 /* PrototopeTests.xctest */ = {
			isa = PBXReferenceProxy;
			fileType = wrapper.cfbundle;
			path = PrototopeTests.xctest;
			remoteRef = 96DBF3711B3AF243003E0D46 /* PBXContainerItemProxy */;
			sourceTree = BUILT_PRODUCTS_DIR;
		};
		96DBF3741B3AF243003E0D46 /* PrototopeJSBridge.framework */ = {
			isa = PBXReferenceProxy;
			fileType = wrapper.framework;
			path = PrototopeJSBridge.framework;
			remoteRef = 96DBF3731B3AF243003E0D46 /* PBXContainerItemProxy */;
			sourceTree = BUILT_PRODUCTS_DIR;
		};
		96DBF3761B3AF243003E0D46 /* PrototopeJSBridgeTests.xctest */ = {
			isa = PBXReferenceProxy;
			fileType = wrapper.cfbundle;
			path = PrototopeJSBridgeTests.xctest;
			remoteRef = 96DBF3751B3AF243003E0D46 /* PBXContainerItemProxy */;
			sourceTree = BUILT_PRODUCTS_DIR;
		};
		96DBF3781B3AF243003E0D46 /* Protocaster.app */ = {
			isa = PBXReferenceProxy;
			fileType = wrapper.application;
			path = Protocaster.app;
			remoteRef = 96DBF3771B3AF243003E0D46 /* PBXContainerItemProxy */;
			sourceTree = BUILT_PRODUCTS_DIR;
		};
		96DBF37A1B3AF243003E0D46 /* ProtocasterTests.xctest */ = {
			isa = PBXReferenceProxy;
			fileType = wrapper.cfbundle;
			path = ProtocasterTests.xctest;
			remoteRef = 96DBF3791B3AF243003E0D46 /* PBXContainerItemProxy */;
			sourceTree = BUILT_PRODUCTS_DIR;
		};
		96DBF37C1B3AF243003E0D46 /* Protoscope.app */ = {
			isa = PBXReferenceProxy;
			fileType = wrapper.application;
			path = Protoscope.app;
			remoteRef = 96DBF37B1B3AF243003E0D46 /* PBXContainerItemProxy */;
			sourceTree = BUILT_PRODUCTS_DIR;
		};
		96DBF37E1B3AF243003E0D46 /* ProtoscopeTests.xctest */ = {
			isa = PBXReferenceProxy;
			fileType = wrapper.cfbundle;
			path = ProtoscopeTests.xctest;
			remoteRef = 96DBF37D1B3AF243003E0D46 /* PBXContainerItemProxy */;
			sourceTree = BUILT_PRODUCTS_DIR;
		};
		EB7841C41B3BB114008E5160 /* libMMMarkdown-Mac.a */ = {
			isa = PBXReferenceProxy;
			fileType = archive.ar;
			path = "libMMMarkdown-Mac.a";
			remoteRef = EB7841C31B3BB114008E5160 /* PBXContainerItemProxy */;
			sourceTree = BUILT_PRODUCTS_DIR;
		};
		EB7841C61B3BB114008E5160 /* libMMMarkdown-iOS.a */ = {
			isa = PBXReferenceProxy;
			fileType = archive.ar;
			path = "libMMMarkdown-iOS.a";
			remoteRef = EB7841C51B3BB114008E5160 /* PBXContainerItemProxy */;
			sourceTree = BUILT_PRODUCTS_DIR;
		};
		EB7841C81B3BB114008E5160 /* MMMarkdownTests.xctest */ = {
			isa = PBXReferenceProxy;
			fileType = wrapper.cfbundle;
			path = MMMarkdownTests.xctest;
			remoteRef = EB7841C71B3BB114008E5160 /* PBXContainerItemProxy */;
			sourceTree = BUILT_PRODUCTS_DIR;
		};
		EB7841CA1B3BB114008E5160 /* mmmarkdown */ = {
			isa = PBXReferenceProxy;
			fileType = "compiled.mach-o.executable";
			path = mmmarkdown;
			remoteRef = EB7841C91B3BB114008E5160 /* PBXContainerItemProxy */;
			sourceTree = BUILT_PRODUCTS_DIR;
		};
/* End PBXReferenceProxy section */

/* Begin PBXResourcesBuildPhase section */
		962558F41B39AF1A005E4360 /* Resources */ = {
			isa = PBXResourcesBuildPhase;
			buildActionMask = 2147483647;
			files = (
				96DBF3901B3AFE68003E0D46 /* protoscope-bundle.js in Resources */,
				962559231B39AFB9005E4360 /* Early-Math-Prototypes in Resources */,
				962559061B39AF1A005E4360 /* LaunchScreen.xib in Resources */,
				962559031B39AF1A005E4360 /* Images.xcassets in Resources */,
			);
			runOnlyForDeploymentPostprocessing = 0;
		};
/* End PBXResourcesBuildPhase section */

/* Begin PBXSourcesBuildPhase section */
		962558F21B39AF1A005E4360 /* Sources */ = {
			isa = PBXSourcesBuildPhase;
			buildActionMask = 2147483647;
			files = (
				EB9530451B47080800E4E5C8 /* FLAnimatedImageView.m in Sources */,
				9625591C1B39AF72005E4360 /* PrototypeListCollectionViewController.swift in Sources */,
				962558FC1B39AF1A005E4360 /* AppDelegate.swift in Sources */,
				EB9530441B47080800E4E5C8 /* FLAnimatedImage.m in Sources */,
				9625591E1B39AF80005E4360 /* PlayerViewController.swift in Sources */,
				962559211B39AFA6005E4360 /* PrototypeProvider.swift in Sources */,
				EB3CBCF61B3B2ADE0038AE64 /* ReadmeViewController.swift in Sources */,
			);
			runOnlyForDeploymentPostprocessing = 0;
		};
/* End PBXSourcesBuildPhase section */

/* Begin PBXTargetDependency section */
		96DBF3821B3AF25A003E0D46 /* PBXTargetDependency */ = {
			isa = PBXTargetDependency;
			name = Prototope;
			targetProxy = 96DBF3811B3AF25A003E0D46 /* PBXContainerItemProxy */;
		};
		96DBF3861B3AF25A003E0D46 /* PBXTargetDependency */ = {
			isa = PBXTargetDependency;
			name = PrototopeJSBridge;
			targetProxy = 96DBF3851B3AF25A003E0D46 /* PBXContainerItemProxy */;
		};
/* End PBXTargetDependency section */

/* Begin PBXVariantGroup section */
		962559041B39AF1A005E4360 /* LaunchScreen.xib */ = {
			isa = PBXVariantGroup;
			children = (
				962559051B39AF1A005E4360 /* Base */,
			);
			name = LaunchScreen.xib;
			sourceTree = "<group>";
		};
/* End PBXVariantGroup section */

/* Begin XCBuildConfiguration section */
		962559131B39AF1A005E4360 /* Debug */ = {
			isa = XCBuildConfiguration;
			buildSettings = {
				ALWAYS_SEARCH_USER_PATHS = NO;
				CLANG_CXX_LANGUAGE_STANDARD = "gnu++0x";
				CLANG_CXX_LIBRARY = "libc++";
				CLANG_ENABLE_MODULES = YES;
				CLANG_ENABLE_OBJC_ARC = YES;
				CLANG_WARN_BOOL_CONVERSION = YES;
				CLANG_WARN_CONSTANT_CONVERSION = YES;
				CLANG_WARN_DIRECT_OBJC_ISA_USAGE = YES_ERROR;
				CLANG_WARN_EMPTY_BODY = YES;
				CLANG_WARN_ENUM_CONVERSION = YES;
				CLANG_WARN_INT_CONVERSION = YES;
				CLANG_WARN_OBJC_ROOT_CLASS = YES_ERROR;
				CLANG_WARN_UNREACHABLE_CODE = YES;
				CLANG_WARN__DUPLICATE_METHOD_MATCH = YES;
				"CODE_SIGN_IDENTITY[sdk=iphoneos*]" = "iPhone Developer";
				COPY_PHASE_STRIP = NO;
				DEBUG_INFORMATION_FORMAT = "dwarf-with-dsym";
				ENABLE_STRICT_OBJC_MSGSEND = YES;
				GCC_C_LANGUAGE_STANDARD = gnu99;
				GCC_DYNAMIC_NO_PIC = NO;
				GCC_NO_COMMON_BLOCKS = YES;
				GCC_OPTIMIZATION_LEVEL = 0;
				GCC_PREPROCESSOR_DEFINITIONS = (
					"DEBUG=1",
					"$(inherited)",
				);
				GCC_SYMBOLS_PRIVATE_EXTERN = NO;
				GCC_WARN_64_TO_32_BIT_CONVERSION = YES;
				GCC_WARN_ABOUT_RETURN_TYPE = YES_ERROR;
				GCC_WARN_UNDECLARED_SELECTOR = YES;
				GCC_WARN_UNINITIALIZED_AUTOS = YES_AGGRESSIVE;
				GCC_WARN_UNUSED_FUNCTION = YES;
				GCC_WARN_UNUSED_VARIABLE = YES;
				IPHONEOS_DEPLOYMENT_TARGET = 8.3;
				MTL_ENABLE_DEBUG_INFO = YES;
				ONLY_ACTIVE_ARCH = YES;
				SDKROOT = iphoneos;
				SWIFT_OPTIMIZATION_LEVEL = "-Onone";
				TARGETED_DEVICE_FAMILY = 2;
			};
			name = Debug;
		};
		962559141B39AF1A005E4360 /* Release */ = {
			isa = XCBuildConfiguration;
			buildSettings = {
				ALWAYS_SEARCH_USER_PATHS = NO;
				CLANG_CXX_LANGUAGE_STANDARD = "gnu++0x";
				CLANG_CXX_LIBRARY = "libc++";
				CLANG_ENABLE_MODULES = YES;
				CLANG_ENABLE_OBJC_ARC = YES;
				CLANG_WARN_BOOL_CONVERSION = YES;
				CLANG_WARN_CONSTANT_CONVERSION = YES;
				CLANG_WARN_DIRECT_OBJC_ISA_USAGE = YES_ERROR;
				CLANG_WARN_EMPTY_BODY = YES;
				CLANG_WARN_ENUM_CONVERSION = YES;
				CLANG_WARN_INT_CONVERSION = YES;
				CLANG_WARN_OBJC_ROOT_CLASS = YES_ERROR;
				CLANG_WARN_UNREACHABLE_CODE = YES;
				CLANG_WARN__DUPLICATE_METHOD_MATCH = YES;
				"CODE_SIGN_IDENTITY[sdk=iphoneos*]" = "iPhone Developer";
				COPY_PHASE_STRIP = NO;
				DEBUG_INFORMATION_FORMAT = "dwarf-with-dsym";
				ENABLE_NS_ASSERTIONS = NO;
				ENABLE_STRICT_OBJC_MSGSEND = YES;
				GCC_C_LANGUAGE_STANDARD = gnu99;
				GCC_NO_COMMON_BLOCKS = YES;
				GCC_WARN_64_TO_32_BIT_CONVERSION = YES;
				GCC_WARN_ABOUT_RETURN_TYPE = YES_ERROR;
				GCC_WARN_UNDECLARED_SELECTOR = YES;
				GCC_WARN_UNINITIALIZED_AUTOS = YES_AGGRESSIVE;
				GCC_WARN_UNUSED_FUNCTION = YES;
				GCC_WARN_UNUSED_VARIABLE = YES;
				IPHONEOS_DEPLOYMENT_TARGET = 8.3;
				MTL_ENABLE_DEBUG_INFO = NO;
				SDKROOT = iphoneos;
				TARGETED_DEVICE_FAMILY = 2;
				VALIDATE_PRODUCT = YES;
			};
			name = Release;
		};
		962559161B39AF1A005E4360 /* Debug */ = {
			isa = XCBuildConfiguration;
			buildSettings = {
				ASSETCATALOG_COMPILER_APPICON_NAME = AppIcon;
				CLANG_ALLOW_NON_MODULAR_INCLUDES_IN_FRAMEWORK_MODULES = NO;
				CLANG_ENABLE_MODULES = YES;
				FRAMEWORK_SEARCH_PATHS = (
					"$(inherited)",
					"$(PROJECT_DIR)/Prototope/ThirdParty/pop/build/Debug-iphoneos",
				);
				HEADER_SEARCH_PATHS = (
					"$(inherited)",
					/Applications/Xcode.app/Contents/Developer/Toolchains/XcodeDefault.xctoolchain/usr/include,
					"$(SRCROOT)/prototope/Prototope",
					"$(SRCROOT)/prototope/ThirdParty/**",
					"$(CONFIGURATION_BUILD_DIR)/MMMarkdown-iOS/public/",
				);
				INFOPLIST_FILE = "Early Math Prototype Player/Info.plist";
				LD_RUNPATH_SEARCH_PATHS = "$(inherited) @executable_path/Frameworks";
				LIBRARY_SEARCH_PATHS = "$(SRCROOT)/prototope/ThirdParty/**";
				PRODUCT_NAME = "$(TARGET_NAME)";
				SWIFT_OBJC_BRIDGING_HEADER = "Early Math Prototype Player/Early Math Prototype Player-Bridging-Header.h";
				SWIFT_OPTIMIZATION_LEVEL = "-Onone";
				TARGETED_DEVICE_FAMILY = 2;
				USER_HEADER_SEARCH_PATHS = "";
			};
			name = Debug;
		};
		962559171B39AF1A005E4360 /* Release */ = {
			isa = XCBuildConfiguration;
			buildSettings = {
				ASSETCATALOG_COMPILER_APPICON_NAME = AppIcon;
				CLANG_ALLOW_NON_MODULAR_INCLUDES_IN_FRAMEWORK_MODULES = NO;
				CLANG_ENABLE_MODULES = YES;
				FRAMEWORK_SEARCH_PATHS = (
					"$(inherited)",
					"$(PROJECT_DIR)/Prototope/ThirdParty/pop/build/Debug-iphoneos",
				);
				HEADER_SEARCH_PATHS = (
					"$(inherited)",
					/Applications/Xcode.app/Contents/Developer/Toolchains/XcodeDefault.xctoolchain/usr/include,
					"$(SRCROOT)/prototope/Prototope",
					"$(SRCROOT)/prototope/ThirdParty/**",
					"$(CONFIGURATION_BUILD_DIR)/MMMarkdown-iOS/public/",
				);
				INFOPLIST_FILE = "Early Math Prototype Player/Info.plist";
				LD_RUNPATH_SEARCH_PATHS = "$(inherited) @executable_path/Frameworks";
				LIBRARY_SEARCH_PATHS = "$(SRCROOT)/prototope/ThirdParty/**";
				PRODUCT_NAME = "$(TARGET_NAME)";
				SWIFT_OBJC_BRIDGING_HEADER = "Early Math Prototype Player/Early Math Prototype Player-Bridging-Header.h";
				TARGETED_DEVICE_FAMILY = 2;
				USER_HEADER_SEARCH_PATHS = "";
			};
			name = Release;
		};
/* End XCBuildConfiguration section */

/* Begin XCConfigurationList section */
		962558F11B39AF1A005E4360 /* Build configuration list for PBXProject "Early Math Prototype Player" */ = {
			isa = XCConfigurationList;
			buildConfigurations = (
				962559131B39AF1A005E4360 /* Debug */,
				962559141B39AF1A005E4360 /* Release */,
			);
			defaultConfigurationIsVisible = 0;
			defaultConfigurationName = Release;
		};
		962559151B39AF1A005E4360 /* Build configuration list for PBXNativeTarget "Early Math Prototype Player" */ = {
			isa = XCConfigurationList;
			buildConfigurations = (
				962559161B39AF1A005E4360 /* Debug */,
				962559171B39AF1A005E4360 /* Release */,
			);
			defaultConfigurationIsVisible = 0;
			defaultConfigurationName = Release;
		};
/* End XCConfigurationList section */
	};
	rootObject = 962558EE1B39AF1A005E4360 /* Project object */;
}
